[root]
name = "atelier-cli"
version = "0.0.1"
dependencies = [
 "atelier 0.0.1 (git+https://github.com/kanvaz/atelier.git)",
 "clap 0.6.1 (registry+https://github.com/rust-lang/crates.io-index)",
]

[[package]]
name = "atelier"
version = "0.0.1"
source = "git+https://github.com/kanvaz/atelier.git#a97ec9fea290f3955e8a51bd0d93293510f68cf6"
dependencies = [
 "clap 0.6.1 (registry+https://github.com/rust-lang/crates.io-index)",
 "readext 0.1.0 (registry+https://github.com/rust-lang/crates.io-index)",
 "rustc-serialize 0.3.12 (registry+https://github.com/rust-lang/crates.io-index)",
 "uuid 0.1.16 (registry+https://github.com/rust-lang/crates.io-index)",
]

[[package]]
name = "clap"
version = "0.6.1"
source = "registry+https://github.com/rust-lang/crates.io-index"

[[package]]
name = "libc"
version = "0.1.6"
source = "registry+https://github.com/rust-lang/crates.io-index"

[[package]]
name = "log"
version = "0.3.1"
source = "registry+https://github.com/rust-lang/crates.io-index"
dependencies = [
 "libc 0.1.6 (registry+https://github.com/rust-lang/crates.io-index)",
]

[[package]]
name = "rand"
version = "0.3.7"
source = "registry+https://github.com/rust-lang/crates.io-index"
dependencies = [
 "libc 0.1.6 (registry+https://github.com/rust-lang/crates.io-index)",
 "log 0.3.1 (registry+https://github.com/rust-lang/crates.io-index)",
]

[[package]]
name = "readext"
version = "0.1.0"
source = "registry+https://github.com/rust-lang/crates.io-index"

[[package]]
name = "rustc-serialize"
version = "0.3.12"
source = "registry+https://github.com/rust-lang/crates.io-index"

[[package]]
name = "uuid"
version = "0.1.16"
source = "registry+https://github.com/rust-lang/crates.io-index"
dependencies = [
 "rand 0.3.7 (registry+https://github.com/rust-lang/crates.io-index)",
 "rustc-serialize 0.3.12 (registry+https://github.com/rust-lang/crates.io-index)",
]

